{
  "name": "x-duration",
  "version": "0.0.1",
  "lockfileVersion": 3,
  "requires": true,
  "packages": {
    "": {
      "name": "x-duration",
      "version": "0.0.1",
      "license": "MIT",
      "devDependencies": {
        "@types/luxon": "3.2.2",
        "typescript": "5.0.2"
      },
      "engines": {
        "node": ">=12"
      },
      "peerDependencies": {
        "luxon": "3.x"
      }
    },
    "node_modules/@types/luxon": {
      "version": "3.2.2",
      "resolved": "https://registry.npmjs.org/@types/luxon/-/luxon-3.2.2.tgz",
      "integrity": "sha512-CuF9hIlsxGpJO4EztrW23/q1L9ctQfb5JM9mnLCJhhA8z81K2b4LTVjQYySXWhFV5SMyUsPYH/IcvvXDCKwa2g==",
      "dev": true
    },
    "node_modules/luxon": {
      "version": "3.3.0",
      "resolved": "https://registry.npmjs.org/luxon/-/luxon-3.3.0.tgz",
      "integrity": "sha512-An0UCfG/rSiqtAIiBPO0Y9/zAnHUZxAMiCpTd5h2smgsj7GGmcenvrvww2cqNA8/4A5ZrD1gJpHN2mIHZQF+Mg==",
      "peer": true,
      "engines": {
        "node": ">=12"
      }
    },
    "node_modules/typescript": {
      "version": "5.0.2",
      "resolved": "https://registry.npmjs.org/typescript/-/typescript-5.0.2.tgz",
      "integrity": "sha512-wVORMBGO/FAs/++blGNeAVdbNKtIh1rbBL2EyQ1+J9lClJ93KiiKe8PmFIVdXhHcyv44SL9oglmfeSsndo0jRw==",
      "dev": true,
      "bin": {
        "tsc": "bin/tsc",
        "tsserver": "bin/tsserver"
      },
      "engines": {
        "node": ">=12.20"
      }
    }
  }
}
